
Microsoft Visual Studio Solution File, Format Version 12.00
# Visual Studio 14
VisualStudioVersion = 14.0.25420.1
MinimumVisualStudioVersion = 10.0.40219.1
Project("{FAE04EC0-301F-11D3-BF4B-00C04F79EFBC}") = "MeasTest", "MeasTest\MeasTest.csproj", "{D87DD924-360A-4BB6-BB7A-21F94F7C4C82}"
EndProject
Project("{FAE04EC0-301F-11D3-BF4B-00C04F79EFBC}") = "ConsoleApplication2", "ConsoleApplication2\ConsoleApplication2.csproj", "{1B6C2CD1-3A84-4D37-B1F3-F58BA6329946}"
EndProject
Project("{FAE04EC0-301F-11D3-BF4B-00C04F79EFBC}") = "InstrumentRemote", "InstrumentRemote\InstrumentRemote.csproj", "{7EDB5371-E9C9-42B8-A220-CAEB8ABAE6CA}"
EndProject
Global
	GlobalSection(SolutionConfigurationPlatforms) = preSolution
		Debug|Any CPU = Debug|Any CPU
		Release|Any CPU = Release|Any CPU
	EndGlobalSection
	GlobalSection(ProjectConfigurationPlatforms) = postSolution
		{D87DD924-360A-4BB6-BB7A-21F94F7C4C82}.Debug|Any CPU.ActiveCfg = Debug|Any CPU
		{D87DD924-360A-4BB6-BB7A-21F94F7C4C82}.Debug|Any CPU.Build.0 = Debug|Any CPU
		{D87DD924-360A-4BB6-BB7A-21F94F7C4C82}.Release|Any CPU.ActiveCfg = Release|Any CPU
		{D87DD924-360A-4BB6-BB7A-21F94F7C4C82}.Release|Any CPU.Build.0 = Release|Any CPU
		{1B6C2CD1-3A84-4D37-B1F3-F58BA6329946}.Debug|Any CPU.ActiveCfg = Debug|Any CPU
		{1B6C2CD1-3A84-4D37-B1F3-F58BA6329946}.Debug|Any CPU.Build.0 = Debug|Any CPU
		{1B6C2CD1-3A84-4D37-B1F3-F58BA6329946}.Release|Any CPU.ActiveCfg = Release|Any CPU
		{1B6C2CD1-3A84-4D37-B1F3-F58BA6329946}.Release|Any CPU.Build.0 = Release|Any CPU
		{7EDB5371-E9C9-42B8-A220-CAEB8ABAE6CA}.Debug|Any CPU.ActiveCfg = Debug|Any CPU
		{7EDB5371-E9C9-42B8-A220-CAEB8ABAE6CA}.Debug|Any CPU.Build.0 = Debug|Any CPU
		{7EDB5371-E9C9-42B8-A220-CAEB8ABAE6CA}.Release|Any CPU.ActiveCfg = Release|Any CPU
		{7EDB5371-E9C9-42B8-A220-CAEB8ABAE6CA}.Release|Any CPU.Build.0 = Release|Any CPU
	EndGlobalSection
	GlobalSection(SolutionProperties) = preSolution
		HideSolutionNode = FALSE
	EndGlobalSection
EndGlobal
